
Microsoft Visual Studio Solution File, Format Version 12.00
# Visual Studio Version 16
VisualStudioVersion = 16.0.30621.155
MinimumVisualStudioVersion = 10.0.40219.1
Project("{FAE04EC0-301F-11D3-BF4B-00C04F79EFBC}") = "ProgettoAppSosta", "ProgettoAppSosta\ProgettoAppSosta.csproj", "{87B14545-1DCD-4DB4-8595-25072B2B84C6}"
EndProject
Project("{FAE04EC0-301F-11D3-BF4B-00C04F79EFBC}") = "TestAppSosta", "TestAppSosta\TestAppSosta.csproj", "{93FDFE1B-A119-4915-9B6F-5E6A3885F029}"
EndProject
Global
	GlobalSection(SolutionConfigurationPlatforms) = preSolution
		Debug|Any CPU = Debug|Any CPU
		Release|Any CPU = Release|Any CPU
	EndGlobalSection
	GlobalSection(ProjectConfigurationPlatforms) = postSolution
		{87B14545-1DCD-4DB4-8595-25072B2B84C6}.Debug|Any CPU.ActiveCfg = Debug|Any CPU
		{87B14545-1DCD-4DB4-8595-25072B2B84C6}.Debug|Any CPU.Build.0 = Debug|Any CPU
		{87B14545-1DCD-4DB4-8595-25072B2B84C6}.Release|Any CPU.ActiveCfg = Release|Any CPU
		{87B14545-1DCD-4DB4-8595-25072B2B84C6}.Release|Any CPU.Build.0 = Release|Any CPU
		{93FDFE1B-A119-4915-9B6F-5E6A3885F029}.Debug|Any CPU.ActiveCfg = Debug|Any CPU
		{93FDFE1B-A119-4915-9B6F-5E6A3885F029}.Debug|Any CPU.Build.0 = Debug|Any CPU
		{93FDFE1B-A119-4915-9B6F-5E6A3885F029}.Release|Any CPU.ActiveCfg = Release|Any CPU
		{93FDFE1B-A119-4915-9B6F-5E6A3885F029}.Release|Any CPU.Build.0 = Release|Any CPU
	EndGlobalSection
	GlobalSection(SolutionProperties) = preSolution
		HideSolutionNode = FALSE
	EndGlobalSection
	GlobalSection(ExtensibilityGlobals) = postSolution
		SolutionGuid = {FAA12214-75D1-4C92-AB1C-FBDD6AE75DC7}
	EndGlobalSection
EndGlobal
